<?xml version="1.0" encoding="utf-8"?>
<Project ToolsVersion="4.0" xmlns="http://schemas.microsoft.com/developer/msbuild/2003">
  <ItemGroup>
    <Filter Include="Header Files">
      <UniqueIdentifier>{21EB8090-0D4E-1035-B6D3-48EBA215DCB7}</UniqueIdentifier>
    </Filter>
    <Filter Include="Source Files">
      <UniqueIdentifier>{E9C7FDCE-D52A-8D73-7EB0-C5296AF258F6}</UniqueIdentifier>
    </Filter>
  </ItemGroup>
  <ItemGroup>
    <ClInclude Include="Board\AnalysisBoard.h">
      <Filter>Header Files</Filter>
    </ClInclude>
    <ClInclude Include="Board\GameBoard.h">
      <Filter>Header Files</Filter>
    </ClInclude>
    <ClInclude Include="Board\IBoard.h">
      <Filter>Header Files</Filter>
    </ClInclude>
    <ClInclude Include="Engine\Engine.h">
      <Filter>Header Files</Filter>
    </ClInclude>
    <ClInclude Include="Game\Game.h">
      <Filter>Header Files</Filter>
    </ClInclude>
    <ClInclude Include="GameData\GameData.h">
      <Filter>Header Files</Filter>
    </ClInclude>
    <ClInclude Include="Guides\Arrow.h">
      <Filter>Header Files</Filter>
    </ClInclude>
    <ClInclude Include="Guides\Highlight.h">
      <Filter>Header Files</Filter>
    </ClInclude>
    <ClInclude Include="Guides\IGuide.h">
      <Filter>Header Files</Filter>
    </ClInclude>
    <ClInclude Include="Guides\Spot.h">
      <Filter>Header Files</Filter>
    </ClInclude>
    <ClInclude Include="Piece\Piece.h">
      <Filter>Header Files</Filter>
    </ClInclude>
    <ClInclude Include="UI\UIElement.h">
      <Filter>Header Files</Filter>
    </ClInclude>
    <ClInclude Include="UI\UIText.h">
      <Filter>Header Files</Filter>
    </ClInclude>
    <ClInclude Include="Utilities\Utilities.h">
      <Filter>Header Files</Filter>
    </ClInclude>
    <ClInclude Include="Clock\Clock.h" />
  </ItemGroup>
  <ItemGroup>
    <ClCompile Include="Board\AnalysisBoard.cpp">
      <Filter>Source Files</Filter>
    </ClCompile>
    <ClCompile Include="Board\GameBoard.cpp">
      <Filter>Source Files</Filter>
    </ClCompile>
    <ClCompile Include="Board\IBoard.cpp">
      <Filter>Source Files</Filter>
    </ClCompile>
    <ClCompile Include="Engine\Engine.cpp">
      <Filter>Source Files</Filter>
    </ClCompile>
    <ClCompile Include="Game\Game.cpp">
      <Filter>Source Files</Filter>
    </ClCompile>
    <ClCompile Include="GameData\GameData.cpp">
      <Filter>Source Files</Filter>
    </ClCompile>
    <ClCompile Include="Guides\IGuide.cpp">
      <Filter>Source Files</Filter>
    </ClCompile>
    <ClCompile Include="Main.cpp">
      <Filter>Source Files</Filter>
    </ClCompile>
    <ClCompile Include="Piece\Piece.cpp">
      <Filter>Source Files</Filter>
    </ClCompile>
    <ClCompile Include="Clock\Clock.cpp" />
    <ClCompile Include="Utilities\Utilities.cpp" />
  </ItemGroup>
</Project>